
Microsoft Visual Studio Solution File, Format Version 12.00
# Visual Studio Version 16
VisualStudioVersion = 16.0.31911.196
MinimumVisualStudioVersion = 10.0.40219.1
Project("{FAE04EC0-301F-11D3-BF4B-00C04F79EFBC}") = "Primos vs Pares vs Positivos vs Negativos", "Primos vs Pares vs Positivos vs Negativos\Primos vs Pares vs Positivos vs Negativos.csproj", "{7FBD9989-79A2-471A-ACCA-C9CDE3DBF839}"
EndProject
Global
	GlobalSection(SolutionConfigurationPlatforms) = preSolution
		Debug|Any CPU = Debug|Any CPU
		Release|Any CPU = Release|Any CPU
	EndGlobalSection
	GlobalSection(ProjectConfigurationPlatforms) = postSolution
		{7FBD9989-79A2-471A-ACCA-C9CDE3DBF839}.Debug|Any CPU.ActiveCfg = Debug|Any CPU
		{7FBD9989-79A2-471A-ACCA-C9CDE3DBF839}.Debug|Any CPU.Build.0 = Debug|Any CPU
		{7FBD9989-79A2-471A-ACCA-C9CDE3DBF839}.Release|Any CPU.ActiveCfg = Release|Any CPU
		{7FBD9989-79A2-471A-ACCA-C9CDE3DBF839}.Release|Any CPU.Build.0 = Release|Any CPU
	EndGlobalSection
	GlobalSection(SolutionProperties) = preSolution
		HideSolutionNode = FALSE
	EndGlobalSection
	GlobalSection(ExtensibilityGlobals) = postSolution
		SolutionGuid = {75AE6177-4922-42BB-BDFC-B4208CE2E475}
	EndGlobalSection
EndGlobal
